<?xml version="1.0" encoding="utf-8"?>
<Project ToolsVersion="4.0" xmlns="http://schemas.microsoft.com/developer/msbuild/2003">
  <ItemGroup>
    <Filter Include="Source Files">
      <UniqueIdentifier>{4FC737F1-C7A5-4376-A066-2A32D752A2FF}</UniqueIdentifier>
      <Extensions>cpp;c;cc;cxx;def;odl;idl;hpj;bat;asm;asmx</Extensions>
    </Filter>
    <Filter Include="Header Files">
      <UniqueIdentifier>{93995380-89BD-4b04-88EB-625FBE52EBFB}</UniqueIdentifier>
      <Extensions>h;hpp;hxx;hm;inl;inc;xsd</Extensions>
    </Filter>
    <Filter Include="Resource Files">
      <UniqueIdentifier>{67DA6AB6-F800-4c08-8B7A-83BB121AAD01}</UniqueIdentifier>
      <Extensions>rc;ico;cur;bmp;dlg;rc2;rct;bin;rgs;gif;jpg;jpeg;jpe;resx;tiff;tif;png;wav</Extensions>
    </Filter>
  </ItemGroup>
  <ItemGroup>
    <ClCompile Include="ado2.cpp">
      <Filter>Source Files</Filter>
    </ClCompile>
    <ClCompile Include="ArtComPort.cpp">
      <Filter>Source Files</Filter>
    </ClCompile>
    <ClCompile Include="AutoInputKey.cpp">
      <Filter>Source Files</Filter>
    </ClCompile>
    <ClCompile Include="CInputNum.cpp">
      <Filter>Source Files</Filter>
    </ClCompile>
    <ClCompile Include="Comm.cpp">
      <Filter>Source Files</Filter>
    </ClCompile>
    <ClCompile Include="CyberTanATS.cpp">
      <Filter>Source Files</Filter>
    </ClCompile>
    <ClCompile Include="CyberTanATSDlg.cpp">
      <Filter>Source Files</Filter>
    </ClCompile>
    <ClCompile Include="DB.cpp">
      <Filter>Source Files</Filter>
    </ClCompile>
    <ClCompile Include="DlgSetting.cpp">
      <Filter>Source Files</Filter>
    </ClCompile>
    <ClCompile Include="FTP_Client.cpp">
      <Filter>Source Files</Filter>
    </ClCompile>
    <ClCompile Include="IOSocket.cpp">
      <Filter>Source Files</Filter>
    </ClCompile>
    <ClCompile Include="Label.cpp">
      <Filter>Source Files</Filter>
    </ClCompile>
    <ClCompile Include="MacDlg.cpp">
      <Filter>Source Files</Filter>
    </ClCompile>
    <ClCompile Include="MyMessageBox.cpp">
      <Filter>Source Files</Filter>
    </ClCompile>
    <ClCompile Include="PasswordDLG.cpp">
      <Filter>Source Files</Filter>
    </ClCompile>
    <ClCompile Include="Ping.cpp">
      <Filter>Source Files</Filter>
    </ClCompile>
    <ClCompile Include="SfisOffDlg.cpp">
      <Filter>Source Files</Filter>
    </ClCompile>
    <ClCompile Include="stdafx.cpp">
      <Filter>Source Files</Filter>
    </ClCompile>
    <ClCompile Include="CModelSel.cpp">
      <Filter>Source Files</Filter>
    </ClCompile>
  </ItemGroup>
  <ItemGroup>
    <ClInclude Include="ado2.h">
      <Filter>Header Files</Filter>
    </ClInclude>
    <ClInclude Include="ArtComPort.h">
      <Filter>Header Files</Filter>
    </ClInclude>
    <ClInclude Include="AutoInputKey.h">
      <Filter>Header Files</Filter>
    </ClInclude>
    <ClInclude Include="CBT_Common.h">
      <Filter>Header Files</Filter>
    </ClInclude>
    <ClInclude Include="CInputNum.h">
      <Filter>Header Files</Filter>
    </ClInclude>
    <ClInclude Include="Comm.h">
      <Filter>Header Files</Filter>
    </ClInclude>
    <ClInclude Include="CyberTanATS.h">
      <Filter>Header Files</Filter>
    </ClInclude>
    <ClInclude Include="CyberTanATSDlg.h">
      <Filter>Header Files</Filter>
    </ClInclude>
    <ClInclude Include="DB.h">
      <Filter>Header Files</Filter>
    </ClInclude>
    <ClInclude Include="DlgSetting.h">
      <Filter>Header Files</Filter>
    </ClInclude>
    <ClInclude Include="FTP_Client.h">
      <Filter>Header Files</Filter>
    </ClInclude>
    <ClInclude Include="IOSocket.h">
      <Filter>Header Files</Filter>
    </ClInclude>
    <ClInclude Include="Label.h">
      <Filter>Header Files</Filter>
    </ClInclude>
    <ClInclude Include="MacDlg.h">
      <Filter>Header Files</Filter>
    </ClInclude>
    <ClInclude Include="MyMessageBox.h">
      <Filter>Header Files</Filter>
    </ClInclude>
    <ClInclude Include="PasswordDLG.h">
      <Filter>Header Files</Filter>
    </ClInclude>
    <ClInclude Include="Ping.h">
      <Filter>Header Files</Filter>
    </ClInclude>
    <ClInclude Include="Resource.h">
      <Filter>Header Files</Filter>
    </ClInclude>
    <ClInclude Include="SFIS.h">
      <Filter>Header Files</Filter>
    </ClInclude>
    <ClInclude Include="SfisOffDlg.h">
      <Filter>Header Files</Filter>
    </ClInclude>
    <ClInclude Include="stdafx.h">
      <Filter>Header Files</Filter>
    </ClInclude>
    <ClInclude Include="UI.h">
      <Filter>Header Files</Filter>
    </ClInclude>
    <ClInclude Include="CModelSel.h">
      <Filter>Header Files</Filter>
    </ClInclude>
  </ItemGroup>
  <ItemGroup>
    <Image Include="res\CyberTanATS.ico">
      <Filter>Resource Files</Filter>
    </Image>
  </ItemGroup>
  <ItemGroup>
    <ResourceCompile Include="CyberTanATS.rc">
      <Filter>Resource Files</Filter>
    </ResourceCompile>
  </ItemGroup>
  <ItemGroup>
    <None Include="res\CyberTanATS.rc2">
      <Filter>Resource Files</Filter>
    </None>
  </ItemGroup>
  <ItemGroup>
    <Text Include="ReadMe.txt" />
  </ItemGroup>
</Project>